// !$*UTF8*$!
{
	archiveVersion = 1;
	classes = {
	};
	objectVersion = 46;
	objects = {

/* Begin PBXBuildFile section */
		956CF85C1CA33E9400D2C2CC /* AppDelegate.swift in Sources */ = {isa = PBXBuildFile; fileRef = 956CF85B1CA33E9400D2C2CC /* AppDelegate.swift */; };
		956CF85E1CA33E9400D2C2CC /* ViewController.swift in Sources */ = {isa = PBXBuildFile; fileRef = 956CF85D1CA33E9400D2C2CC /* ViewController.swift */; };
		956CF8611CA33E9400D2C2CC /* Main.storyboard in Resources */ = {isa = PBXBuildFile; fileRef = 956CF85F1CA33E9400D2C2CC /* Main.storyboard */; };
		956CF8631CA33E9400D2C2CC /* Images.xcassets in Resources */ = {isa = PBXBuildFile; fileRef = 956CF8621CA33E9400D2C2CC /* Images.xcassets */; };
		956CF8661CA33E9400D2C2CC /* LaunchScreen.xib in Resources */ = {isa = PBXBuildFile; fileRef = 956CF8641CA33E9400D2C2CC /* LaunchScreen.xib */; };
		956CF8721CA33E9400D2C2CC /* PickersTests.swift in Sources */ = {isa = PBXBuildFile; fileRef = 956CF8711CA33E9400D2C2CC /* PickersTests.swift */; };
		956CF87C1CA33F4A00D2C2CC /* DashboardViewController.swift in Sources */ = {isa = PBXBuildFile; fileRef = 956CF87B1CA33F4A00D2C2CC /* DashboardViewController.swift */; };
		956CF87E1CA33F9A00D2C2CC /* ViewActivitiesViewController.swift in Sources */ = {isa = PBXBuildFile; fileRef = 956CF87D1CA33F9A00D2C2CC /* ViewActivitiesViewController.swift */; };
		956CF8801CA33FA900D2C2CC /* AddActivityViewController.swift in Sources */ = {isa = PBXBuildFile; fileRef = 956CF87F1CA33FA900D2C2CC /* AddActivityViewController.swift */; };
		956CF8821CA33FB600D2C2CC /* LeaderboardViewController.swift in Sources */ = {isa = PBXBuildFile; fileRef = 956CF8811CA33FB600D2C2CC /* LeaderboardViewController.swift */; };
		956CF8841CA33FC100D2C2CC /* MoreViewController.swift in Sources */ = {isa = PBXBuildFile; fileRef = 956CF8831CA33FC100D2C2CC /* MoreViewController.swift */; };
/* End PBXBuildFile section */

/* Begin PBXContainerItemProxy section */
		956CF86C1CA33E9400D2C2CC /* PBXContainerItemProxy */ = {
			isa = PBXContainerItemProxy;
			containerPortal = 956CF84E1CA33E9400D2C2CC /* Project object */;
			proxyType = 1;
			remoteGlobalIDString = 956CF8551CA33E9400D2C2CC;
			remoteInfo = Pickers;
		};
/* End PBXContainerItemProxy section */

/* Begin PBXFileReference section */
		956CF8561CA33E9400D2C2CC /* Pickers.app */ = {isa = PBXFileReference; explicitFileType = wrapper.application; includeInIndex = 0; path = Pickers.app; sourceTree = BUILT_PRODUCTS_DIR; };
		956CF85A1CA33E9400D2C2CC /* Info.plist */ = {isa = PBXFileReference; lastKnownFileType = text.plist.xml; path = Info.plist; sourceTree = "<group>"; };
		956CF85B1CA33E9400D2C2CC /* AppDelegate.swift */ = {isa = PBXFileReference; lastKnownFileType = sourcecode.swift; path = AppDelegate.swift; sourceTree = "<group>"; };
		956CF85D1CA33E9400D2C2CC /* ViewController.swift */ = {isa = PBXFileReference; lastKnownFileType = sourcecode.swift; path = ViewController.swift; sourceTree = "<group>"; };
		956CF8601CA33E9400D2C2CC /* Base */ = {isa = PBXFileReference; lastKnownFileType = file.storyboard; name = Base; path = Base.lproj/Main.storyboard; sourceTree = "<group>"; };
		956CF8621CA33E9400D2C2CC /* Images.xcassets */ = {isa = PBXFileReference; lastKnownFileType = folder.assetcatalog; path = Images.xcassets; sourceTree = "<group>"; };
		956CF8651CA33E9400D2C2CC /* Base */ = {isa = PBXFileReference; lastKnownFileType = file.xib; name = Base; path = Base.lproj/LaunchScreen.xib; sourceTree = "<group>"; };
		956CF86B1CA33E9400D2C2CC /* PickersTests.xctest */ = {isa = PBXFileReference; explicitFileType = wrapper.cfbundle; includeInIndex = 0; path = PickersTests.xctest; sourceTree = BUILT_PRODUCTS_DIR; };
		956CF8701CA33E9400D2C2CC /* Info.plist */ = {isa = PBXFileReference; lastKnownFileType = text.plist.xml; path = Info.plist; sourceTree = "<group>"; };
		956CF8711CA33E9400D2C2CC /* PickersTests.swift */ = {isa = PBXFileReference; lastKnownFileType = sourcecode.swift; path = PickersTests.swift; sourceTree = "<group>"; };
		956CF87B1CA33F4A00D2C2CC /* DashboardViewController.swift */ = {isa = PBXFileReference; fileEncoding = 4; lastKnownFileType = sourcecode.swift; path = DashboardViewController.swift; sourceTree = "<group>"; };
		956CF87D1CA33F9A00D2C2CC /* ViewActivitiesViewController.swift */ = {isa = PBXFileReference; fileEncoding = 4; lastKnownFileType = sourcecode.swift; path = ViewActivitiesViewController.swift; sourceTree = "<group>"; };
		956CF87F1CA33FA900D2C2CC /* AddActivityViewController.swift */ = {isa = PBXFileReference; fileEncoding = 4; lastKnownFileType = sourcecode.swift; path = AddActivityViewController.swift; sourceTree = "<group>"; };
		956CF8811CA33FB600D2C2CC /* LeaderboardViewController.swift */ = {isa = PBXFileReference; fileEncoding = 4; lastKnownFileType = sourcecode.swift; path = LeaderboardViewController.swift; sourceTree = "<group>"; };
		956CF8831CA33FC100D2C2CC /* MoreViewController.swift */ = {isa = PBXFileReference; fileEncoding = 4; lastKnownFileType = sourcecode.swift; path = MoreViewController.swift; sourceTree = "<group>"; };
/* End PBXFileReference section */

/* Begin PBXFrameworksBuildPhase section */
		956CF8531CA33E9400D2C2CC /* Frameworks */ = {
			isa = PBXFrameworksBuildPhase;
			buildActionMask = 2147483647;
			files = (
			);
			runOnlyForDeploymentPostprocessing = 0;
		};
		956CF8681CA33E9400D2C2CC /* Frameworks */ = {
			isa = PBXFrameworksBuildPhase;
			buildActionMask = 2147483647;
			files = (
			);
			runOnlyForDeploymentPostprocessing = 0;
		};
/* End PBXFrameworksBuildPhase section */

/* Begin PBXGroup section */
		956CF84D1CA33E9400D2C2CC = {
			isa = PBXGroup;
			children = (
				956CF8581CA33E9400D2C2CC /* Pickers */,
				956CF86E1CA33E9400D2C2CC /* PickersTests */,
				956CF8571CA33E9400D2C2CC /* Products */,
			);
			sourceTree = "<group>";
		};
		956CF8571CA33E9400D2C2CC /* Products */ = {
			isa = PBXGroup;
			children = (
				956CF8561CA33E9400D2C2CC /* Pickers.app */,
				956CF86B1CA33E9400D2C2CC /* PickersTests.xctest */,
			);
			name = Products;
			sourceTree = "<group>";
		};
		956CF8581CA33E9400D2C2CC /* Pickers */ = {
			isa = PBXGroup;
			children = (
				956CF87B1CA33F4A00D2C2CC /* DashboardViewController.swift */,
				956CF87D1CA33F9A00D2C2CC /* ViewActivitiesViewController.swift */,
				956CF87F1CA33FA900D2C2CC /* AddActivityViewController.swift */,
				956CF8811CA33FB600D2C2CC /* LeaderboardViewController.swift */,
				956CF8831CA33FC100D2C2CC /* MoreViewController.swift */,
				956CF85B1CA33E9400D2C2CC /* AppDelegate.swift */,
				956CF85D1CA33E9400D2C2CC /* ViewController.swift */,
				956CF85F1CA33E9400D2C2CC /* Main.storyboard */,
				956CF8621CA33E9400D2C2CC /* Images.xcassets */,
				956CF8641CA33E9400D2C2CC /* LaunchScreen.xib */,
				956CF8591CA33E9400D2C2CC /* Supporting Files */,
			);
			path = Pickers;
			sourceTree = "<group>";
		};
		956CF8591CA33E9400D2C2CC /* Supporting Files */ = {
			isa = PBXGroup;
			children = (
				956CF85A1CA33E9400D2C2CC /* Info.plist */,
			);
			name = "Supporting Files";
			sourceTree = "<group>";
		};
		956CF86E1CA33E9400D2C2CC /* PickersTests */ = {
			isa = PBXGroup;
			children = (
				956CF8711CA33E9400D2C2CC /* PickersTests.swift */,
				956CF86F1CA33E9400D2C2CC /* Supporting Files */,
			);
			path = PickersTests;
			sourceTree = "<group>";
		};
		956CF86F1CA33E9400D2C2CC /* Supporting Files */ = {
			isa = PBXGroup;
			children = (
				956CF8701CA33E9400D2C2CC /* Info.plist */,
			);
			name = "Supporting Files";
			sourceTree = "<group>";
		};
/* End PBXGroup section */

/* Begin PBXNativeTarget section */
		956CF8551CA33E9400D2C2CC /* Pickers */ = {
			isa = PBXNativeTarget;
			buildConfigurationList = 956CF8751CA33E9400D2C2CC /* Build configuration list for PBXNativeTarget "Pickers" */;
			buildPhases = (
				956CF8521CA33E9400D2C2CC /* Sources */,
				956CF8531CA33E9400D2C2CC /* Frameworks */,
				956CF8541CA33E9400D2C2CC /* Resources */,
			);
			buildRules = (
			);
			dependencies = (
			);
			name = Pickers;
			productName = Pickers;
			productReference = 956CF8561CA33E9400D2C2CC /* Pickers.app */;
			productType = "com.apple.product-type.application";
		};
		956CF86A1CA33E9400D2C2CC /* PickersTests */ = {
			isa = PBXNativeTarget;
			buildConfigurationList = 956CF8781CA33E9400D2C2CC /* Build configuration list for PBXNativeTarget "PickersTests" */;
			buildPhases = (
				956CF8671CA33E9400D2C2CC /* Sources */,
				956CF8681CA33E9400D2C2CC /* Frameworks */,
				956CF8691CA33E9400D2C2CC /* Resources */,
			);
			buildRules = (
			);
			dependencies = (
				956CF86D1CA33E9400D2C2CC /* PBXTargetDependency */,
			);
			name = PickersTests;
			productName = PickersTests;
			productReference = 956CF86B1CA33E9400D2C2CC /* PickersTests.xctest */;
			productType = "com.apple.product-type.bundle.unit-test";
		};
/* End PBXNativeTarget section */

/* Begin PBXProject section */
		956CF84E1CA33E9400D2C2CC /* Project object */ = {
			isa = PBXProject;
			attributes = {
				LastUpgradeCheck = 0610;
				ORGANIZATIONNAME = "Kaitlyn Barbara Montour";
				TargetAttributes = {
					956CF8551CA33E9400D2C2CC = {
						CreatedOnToolsVersion = 6.1.1;
					};
					956CF86A1CA33E9400D2C2CC = {
						CreatedOnToolsVersion = 6.1.1;
						TestTargetID = 956CF8551CA33E9400D2C2CC;
					};
				};
			};
			buildConfigurationList = 956CF8511CA33E9400D2C2CC /* Build configuration list for PBXProject "Pickers" */;
			compatibilityVersion = "Xcode 3.2";
			developmentRegion = English;
			hasScannedForEncodings = 0;
			knownRegions = (
				en,
				Base,
			);
			mainGroup = 956CF84D1CA33E9400D2C2CC;
			productRefGroup = 956CF8571CA33E9400D2C2CC /* Products */;
			projectDirPath = "";
			projectRoot = "";
			targets = (
				956CF8551CA33E9400D2C2CC /* Pickers */,
				956CF86A1CA33E9400D2C2CC /* PickersTests */,
			);
		};
/* End PBXProject section */

/* Begin PBXResourcesBuildPhase section */
		956CF8541CA33E9400D2C2CC /* Resources */ = {
			isa = PBXResourcesBuildPhase;
			buildActionMask = 2147483647;
			files = (
				956CF8611CA33E9400D2C2CC /* Main.storyboard in Resources */,
				956CF8661CA33E9400D2C2CC /* LaunchScreen.xib in Resources */,
				956CF8631CA33E9400D2C2CC /* Images.xcassets in Resources */,
			);
			runOnlyForDeploymentPostprocessing = 0;
		};
		956CF8691CA33E9400D2C2CC /* Resources */ = {
			isa = PBXResourcesBuildPhase;
			buildActionMask = 2147483647;
			files = (
			);
			runOnlyForDeploymentPostprocessing = 0;
		};
/* End PBXResourcesBuildPhase section */

/* Begin PBXSourcesBuildPhase section */
		956CF8521CA33E9400D2C2CC /* Sources */ = {
			isa = PBXSourcesBuildPhase;
			buildActionMask = 2147483647;
			files = (
				956CF8841CA33FC100D2C2CC /* MoreViewController.swift in Sources */,
				956CF87E1CA33F9A00D2C2CC /* ViewActivitiesViewController.swift in Sources */,
				956CF85E1CA33E9400D2C2CC /* ViewController.swift in Sources */,
				956CF87C1CA33F4A00D2C2CC /* DashboardViewController.swift in Sources */,
				956CF8801CA33FA900D2C2CC /* AddActivityViewController.swift in Sources */,
				956CF8821CA33FB600D2C2CC /* LeaderboardViewController.swift in Sources */,
				956CF85C1CA33E9400D2C2CC /* AppDelegate.swift in Sources */,
			);
			runOnlyForDeploymentPostprocessing = 0;
		};
		956CF8671CA33E9400D2C2CC /* Sources */ = {
			isa = PBXSourcesBuildPhase;
			buildActionMask = 2147483647;
			files = (
				956CF8721CA33E9400D2C2CC /* PickersTests.swift in Sources */,
			);
			runOnlyForDeploymentPostprocessing = 0;
		};
/* End PBXSourcesBuildPhase section */

/* Begin PBXTargetDependency section */
		956CF86D1CA33E9400D2C2CC /* PBXTargetDependency */ = {
			isa = PBXTargetDependency;
			target = 956CF8551CA33E9400D2C2CC /* Pickers */;
			targetProxy = 956CF86C1CA33E9400D2C2CC /* PBXContainerItemProxy */;
		};
/* End PBXTargetDependency section */

/* Begin PBXVariantGroup section */
		956CF85F1CA33E9400D2C2CC /* Main.storyboard */ = {
			isa = PBXVariantGroup;
			children = (
				956CF8601CA33E9400D2C2CC /* Base */,
			);
			name = Main.storyboard;
			sourceTree = "<group>";
		};
		956CF8641CA33E9400D2C2CC /* LaunchScreen.xib */ = {
			isa = PBXVariantGroup;
			children = (
				956CF8651CA33E9400D2C2CC /* Base */,
			);
			name = LaunchScreen.xib;
			sourceTree = "<group>";
		};
/* End PBXVariantGroup section */

/* Begin XCBuildConfiguration section */
		956CF8731CA33E9400D2C2CC /* Debug */ = {
			isa = XCBuildConfiguration;
			buildSettings = {
				ALWAYS_SEARCH_USER_PATHS = NO;
				CLANG_CXX_LANGUAGE_STANDARD = "gnu++0x";
				CLANG_CXX_LIBRARY = "libc++";
				CLANG_ENABLE_MODULES = YES;
				CLANG_ENABLE_OBJC_ARC = YES;
				CLANG_WARN_BOOL_CONVERSION = YES;
				CLANG_WARN_CONSTANT_CONVERSION = YES;
				CLANG_WARN_DIRECT_OBJC_ISA_USAGE = YES_ERROR;
				CLANG_WARN_EMPTY_BODY = YES;
				CLANG_WARN_ENUM_CONVERSION = YES;
				CLANG_WARN_INT_CONVERSION = YES;
				CLANG_WARN_OBJC_ROOT_CLASS = YES_ERROR;
				CLANG_WARN_UNREACHABLE_CODE = YES;
				CLANG_WARN__DUPLICATE_METHOD_MATCH = YES;
				"CODE_SIGN_IDENTITY[sdk=iphoneos*]" = "iPhone Developer";
				COPY_PHASE_STRIP = NO;
				ENABLE_STRICT_OBJC_MSGSEND = YES;
				GCC_C_LANGUAGE_STANDARD = gnu99;
				GCC_DYNAMIC_NO_PIC = NO;
				GCC_OPTIMIZATION_LEVEL = 0;
				GCC_PREPROCESSOR_DEFINITIONS = (
					"DEBUG=1",
					"$(inherited)",
				);
				GCC_SYMBOLS_PRIVATE_EXTERN = NO;
				GCC_WARN_64_TO_32_BIT_CONVERSION = YES;
				GCC_WARN_ABOUT_RETURN_TYPE = YES_ERROR;
				GCC_WARN_UNDECLARED_SELECTOR = YES;
				GCC_WARN_UNINITIALIZED_AUTOS = YES_AGGRESSIVE;
				GCC_WARN_UNUSED_FUNCTION = YES;
				GCC_WARN_UNUSED_VARIABLE = YES;
				IPHONEOS_DEPLOYMENT_TARGET = 8.1;
				MTL_ENABLE_DEBUG_INFO = YES;
				ONLY_ACTIVE_ARCH = YES;
				SDKROOT = iphoneos;
				SWIFT_OPTIMIZATION_LEVEL = "-Onone";
				TARGETED_DEVICE_FAMILY = "1,2";
			};
			name = Debug;
		};
		956CF8741CA33E9400D2C2CC /* Release */ = {
			isa = XCBuildConfiguration;
			buildSettings = {
				ALWAYS_SEARCH_USER_PATHS = NO;
				CLANG_CXX_LANGUAGE_STANDARD = "gnu++0x";
				CLANG_CXX_LIBRARY = "libc++";
				CLANG_ENABLE_MODULES = YES;
				CLANG_ENABLE_OBJC_ARC = YES;
				CLANG_WARN_BOOL_CONVERSION = YES;
				CLANG_WARN_CONSTANT_CONVERSION = YES;
				CLANG_WARN_DIRECT_OBJC_ISA_USAGE = YES_ERROR;
				CLANG_WARN_EMPTY_BODY = YES;
				CLANG_WARN_ENUM_CONVERSION = YES;
				CLANG_WARN_INT_CONVERSION = YES;
				CLANG_WARN_OBJC_ROOT_CLASS = YES_ERROR;
				CLANG_WARN_UNREACHABLE_CODE = YES;
				CLANG_WARN__DUPLICATE_METHOD_MATCH = YES;
				"CODE_SIGN_IDENTITY[sdk=iphoneos*]" = "iPhone Developer";
				COPY_PHASE_STRIP = YES;
				ENABLE_NS_ASSERTIONS = NO;
				ENABLE_STRICT_OBJC_MSGSEND = YES;
				GCC_C_LANGUAGE_STANDARD = gnu99;
				GCC_WARN_64_TO_32_BIT_CONVERSION = YES;
				GCC_WARN_ABOUT_RETURN_TYPE = YES_ERROR;
				GCC_WARN_UNDECLARED_SELECTOR = YES;
				GCC_WARN_UNINITIALIZED_AUTOS = YES_AGGRESSIVE;
				GCC_WARN_UNUSED_FUNCTION = YES;
				GCC_WARN_UNUSED_VARIABLE = YES;
				IPHONEOS_DEPLOYMENT_TARGET = 8.1;
				MTL_ENABLE_DEBUG_INFO = NO;
				SDKROOT = iphoneos;
				TARGETED_DEVICE_FAMILY = "1,2";
				VALIDATE_PRODUCT = YES;
			};
			name = Release;
		};
		956CF8761CA33E9400D2C2CC /* Debug */ = {
			isa = XCBuildConfiguration;
			buildSettings = {
				ASSETCATALOG_COMPILER_APPICON_NAME = AppIcon;
				INFOPLIST_FILE = Pickers/Info.plist;
				LD_RUNPATH_SEARCH_PATHS = "$(inherited) @executable_path/Frameworks";
				PRODUCT_NAME = "$(TARGET_NAME)";
			};
			name = Debug;
		};
		956CF8771CA33E9400D2C2CC /* Release */ = {
			isa = XCBuildConfiguration;
			buildSettings = {
				ASSETCATALOG_COMPILER_APPICON_NAME = AppIcon;
				INFOPLIST_FILE = Pickers/Info.plist;
				LD_RUNPATH_SEARCH_PATHS = "$(inherited) @executable_path/Frameworks";
				PRODUCT_NAME = "$(TARGET_NAME)";
			};
			name = Release;
		};
		956CF8791CA33E9400D2C2CC /* Debug */ = {
			isa = XCBuildConfiguration;
			buildSettings = {
				BUNDLE_LOADER = "$(TEST_HOST)";
				FRAMEWORK_SEARCH_PATHS = (
					"$(SDKROOT)/Developer/Library/Frameworks",
					"$(inherited)",
				);
				GCC_PREPROCESSOR_DEFINITIONS = (
					"DEBUG=1",
					"$(inherited)",
				);
				INFOPLIST_FILE = PickersTests/Info.plist;
				LD_RUNPATH_SEARCH_PATHS = "$(inherited) @executable_path/Frameworks @loader_path/Frameworks";
				PRODUCT_NAME = "$(TARGET_NAME)";
				TEST_HOST = "$(BUILT_PRODUCTS_DIR)/Pickers.app/Pickers";
			};
			name = Debug;
		};
		956CF87A1CA33E9400D2C2CC /* Release */ = {
			isa = XCBuildConfiguration;
			buildSettings = {
				BUNDLE_LOADER = "$(TEST_HOST)";
				FRAMEWORK_SEARCH_PATHS = (
					"$(SDKROOT)/Developer/Library/Frameworks",
					"$(inherited)",
				);
				INFOPLIST_FILE = PickersTests/Info.plist;
				LD_RUNPATH_SEARCH_PATHS = "$(inherited) @executable_path/Frameworks @loader_path/Frameworks";
				PRODUCT_NAME = "$(TARGET_NAME)";
				TEST_HOST = "$(BUILT_PRODUCTS_DIR)/Pickers.app/Pickers";
			};
			name = Release;
		};
/* End XCBuildConfiguration section */

/* Begin XCConfigurationList section */
		956CF8511CA33E9400D2C2CC /* Build configuration list for PBXProject "Pickers" */ = {
			isa = XCConfigurationList;
			buildConfigurations = (
				956CF8731CA33E9400D2C2CC /* Debug */,
				956CF8741CA33E9400D2C2CC /* Release */,
			);
			defaultConfigurationIsVisible = 0;
			defaultConfigurationName = Release;
		};
		956CF8751CA33E9400D2C2CC /* Build configuration list for PBXNativeTarget "Pickers" */ = {
			isa = XCConfigurationList;
			buildConfigurations = (
				956CF8761CA33E9400D2C2CC /* Debug */,
				956CF8771CA33E9400D2C2CC /* Release */,
			);
			defaultConfigurationIsVisible = 0;
		};
		956CF8781CA33E9400D2C2CC /* Build configuration list for PBXNativeTarget "PickersTests" */ = {
			isa = XCConfigurationList;
			buildConfigurations = (
				956CF8791CA33E9400D2C2CC /* Debug */,
				956CF87A1CA33E9400D2C2CC /* Release */,
			);
			defaultConfigurationIsVisible = 0;
		};
/* End XCConfigurationList section */
	};
	rootObject = 956CF84E1CA33E9400D2C2CC /* Project object */;
}
